
Microsoft Visual Studio Solution File, Format Version 12.00
# Visual Studio Version 16
VisualStudioVersion = 16.0.31005.135
MinimumVisualStudioVersion = 10.0.40219.1
Project("{FAE04EC0-301F-11D3-BF4B-00C04F79EFBC}") = "ServerConfigMtk-P2-126", "ServerConfigMtk-P2-126\ServerConfigMtk-P2-126.csproj", "{4B6A69C8-CB68-4A9F-BAED-5BC7F333327D}"
EndProject
Global
	GlobalSection(SolutionConfigurationPlatforms) = preSolution
		Debug|Any CPU = Debug|Any CPU
		Release|Any CPU = Release|Any CPU
	EndGlobalSection
	GlobalSection(ProjectConfigurationPlatforms) = postSolution
		{4B6A69C8-CB68-4A9F-BAED-5BC7F333327D}.Debug|Any CPU.ActiveCfg = Debug|Any CPU
		{4B6A69C8-CB68-4A9F-BAED-5BC7F333327D}.Debug|Any CPU.Build.0 = Debug|Any CPU
		{4B6A69C8-CB68-4A9F-BAED-5BC7F333327D}.Release|Any CPU.ActiveCfg = Release|Any CPU
		{4B6A69C8-CB68-4A9F-BAED-5BC7F333327D}.Release|Any CPU.Build.0 = Release|Any CPU
	EndGlobalSection
	GlobalSection(SolutionProperties) = preSolution
		HideSolutionNode = FALSE
	EndGlobalSection
	GlobalSection(ExtensibilityGlobals) = postSolution
		SolutionGuid = {F0A7719A-76F3-4FF9-AA3D-EE00CA34E9CD}
	EndGlobalSection
EndGlobal
